
Microsoft Visual Studio Solution File, Format Version 12.00
# Visual Studio Version 16
VisualStudioVersion = 16.0.30413.136
MinimumVisualStudioVersion = 10.0.40219.1
Project("{9A19103F-16F7-4668-BE54-9A1E7A4F7556}") = "MWL.API", "MWL.API\MWL.API.csproj", "{58A2F550-CE1E-4250-AADE-9844BBA4FFE8}"
EndProject
Project("{9A19103F-16F7-4668-BE54-9A1E7A4F7556}") = "MWL.Models", "MWL.Models\MWL.Models.csproj", "{08110289-B5E2-4299-90F3-A1C9A0E98C9A}"
EndProject
Project("{2150E333-8FDC-42A3-9474-1A3956D46DE8}") = "Tests", "Tests", "{F1DC86BB-53F9-4605-AAEA-A31BBAED2383}"
EndProject
Project("{9A19103F-16F7-4668-BE54-9A1E7A4F7556}") = "MWL.Services", "MWL.Services\MWL.Services.csproj", "{0066D0E9-0DDD-44B4-8755-BC1A3D4DC6DD}"
EndProject
Project("{FAE04EC0-301F-11D3-BF4B-00C04F79EFBC}") = "MWL.Services.IntegrationTests", "Tests\MWL.Services.IntegrationTests\MWL.Services.IntegrationTests.csproj", "{2AEEB76D-5C13-4433-9B79-8E4C870E7F2F}"
EndProject
Project("{9A19103F-16F7-4668-BE54-9A1E7A4F7556}") = "MWL.Services.UnitTests", "Tests\MWL.Services.UnitTests\MWL.Services.UnitTests.csproj", "{3951D483-AA7D-4A89-8F07-837D334A3AEC}"
EndProject
Global
	GlobalSection(SolutionConfigurationPlatforms) = preSolution
		Debug|Any CPU = Debug|Any CPU
		Release|Any CPU = Release|Any CPU
	EndGlobalSection
	GlobalSection(ProjectConfigurationPlatforms) = postSolution
		{58A2F550-CE1E-4250-AADE-9844BBA4FFE8}.Debug|Any CPU.ActiveCfg = Debug|Any CPU
		{58A2F550-CE1E-4250-AADE-9844BBA4FFE8}.Debug|Any CPU.Build.0 = Debug|Any CPU
		{58A2F550-CE1E-4250-AADE-9844BBA4FFE8}.Release|Any CPU.ActiveCfg = Release|Any CPU
		{58A2F550-CE1E-4250-AADE-9844BBA4FFE8}.Release|Any CPU.Build.0 = Release|Any CPU
		{08110289-B5E2-4299-90F3-A1C9A0E98C9A}.Debug|Any CPU.ActiveCfg = Debug|Any CPU
		{08110289-B5E2-4299-90F3-A1C9A0E98C9A}.Debug|Any CPU.Build.0 = Debug|Any CPU
		{08110289-B5E2-4299-90F3-A1C9A0E98C9A}.Release|Any CPU.ActiveCfg = Release|Any CPU
		{08110289-B5E2-4299-90F3-A1C9A0E98C9A}.Release|Any CPU.Build.0 = Release|Any CPU
		{0066D0E9-0DDD-44B4-8755-BC1A3D4DC6DD}.Debug|Any CPU.ActiveCfg = Debug|Any CPU
		{0066D0E9-0DDD-44B4-8755-BC1A3D4DC6DD}.Debug|Any CPU.Build.0 = Debug|Any CPU
		{0066D0E9-0DDD-44B4-8755-BC1A3D4DC6DD}.Release|Any CPU.ActiveCfg = Release|Any CPU
		{0066D0E9-0DDD-44B4-8755-BC1A3D4DC6DD}.Release|Any CPU.Build.0 = Release|Any CPU
		{2AEEB76D-5C13-4433-9B79-8E4C870E7F2F}.Debug|Any CPU.ActiveCfg = Debug|Any CPU
		{2AEEB76D-5C13-4433-9B79-8E4C870E7F2F}.Debug|Any CPU.Build.0 = Debug|Any CPU
		{2AEEB76D-5C13-4433-9B79-8E4C870E7F2F}.Release|Any CPU.ActiveCfg = Release|Any CPU
		{2AEEB76D-5C13-4433-9B79-8E4C870E7F2F}.Release|Any CPU.Build.0 = Release|Any CPU
		{3951D483-AA7D-4A89-8F07-837D334A3AEC}.Debug|Any CPU.ActiveCfg = Debug|Any CPU
		{3951D483-AA7D-4A89-8F07-837D334A3AEC}.Debug|Any CPU.Build.0 = Debug|Any CPU
		{3951D483-AA7D-4A89-8F07-837D334A3AEC}.Release|Any CPU.ActiveCfg = Release|Any CPU
		{3951D483-AA7D-4A89-8F07-837D334A3AEC}.Release|Any CPU.Build.0 = Release|Any CPU
	EndGlobalSection
	GlobalSection(SolutionProperties) = preSolution
		HideSolutionNode = FALSE
	EndGlobalSection
	GlobalSection(NestedProjects) = preSolution
		{2AEEB76D-5C13-4433-9B79-8E4C870E7F2F} = {F1DC86BB-53F9-4605-AAEA-A31BBAED2383}
		{3951D483-AA7D-4A89-8F07-837D334A3AEC} = {F1DC86BB-53F9-4605-AAEA-A31BBAED2383}
	EndGlobalSection
	GlobalSection(ExtensibilityGlobals) = postSolution
		SolutionGuid = {ADEEE9F9-75B4-4F8D-A51E-DAB54E7730E0}
	EndGlobalSection
EndGlobal
