
Microsoft Visual Studio Solution File, Format Version 12.00
# Visual Studio Version 16
VisualStudioVersion = 16.0.30413.136
MinimumVisualStudioVersion = 10.0.40219.1
Project("{9A19103F-16F7-4668-BE54-9A1E7A4F7556}") = "MWL.API", "MWL.API\MWL.API.csproj", "{58A2F550-CE1E-4250-AADE-9844BBA4FFE8}"
EndProject
Project("{9A19103F-16F7-4668-BE54-9A1E7A4F7556}") = "MWL.Services", "MWL.Domain\MWL.Services.csproj", "{74855519-96C4-4B1C-8451-F518A0BEA200}"
EndProject
Project("{9A19103F-16F7-4668-BE54-9A1E7A4F7556}") = "MWL.Models", "MWL.Models\MWL.Models.csproj", "{08110289-B5E2-4299-90F3-A1C9A0E98C9A}"
EndProject
Project("{FAE04EC0-301F-11D3-BF4B-00C04F79EFBC}") = "MWL.Services.Tests", "Test\MWL.Services.Tests\MWL.Services.Tests.csproj", "{0C9AE728-E569-4E7E-BC8F-E1CEFF514B22}"
EndProject
Global
	GlobalSection(SolutionConfigurationPlatforms) = preSolution
		Debug|Any CPU = Debug|Any CPU
		Release|Any CPU = Release|Any CPU
	EndGlobalSection
	GlobalSection(ProjectConfigurationPlatforms) = postSolution
		{58A2F550-CE1E-4250-AADE-9844BBA4FFE8}.Debug|Any CPU.ActiveCfg = Debug|Any CPU
		{58A2F550-CE1E-4250-AADE-9844BBA4FFE8}.Debug|Any CPU.Build.0 = Debug|Any CPU
		{58A2F550-CE1E-4250-AADE-9844BBA4FFE8}.Release|Any CPU.ActiveCfg = Release|Any CPU
		{58A2F550-CE1E-4250-AADE-9844BBA4FFE8}.Release|Any CPU.Build.0 = Release|Any CPU
		{74855519-96C4-4B1C-8451-F518A0BEA200}.Debug|Any CPU.ActiveCfg = Debug|Any CPU
		{74855519-96C4-4B1C-8451-F518A0BEA200}.Debug|Any CPU.Build.0 = Debug|Any CPU
		{74855519-96C4-4B1C-8451-F518A0BEA200}.Release|Any CPU.ActiveCfg = Release|Any CPU
		{74855519-96C4-4B1C-8451-F518A0BEA200}.Release|Any CPU.Build.0 = Release|Any CPU
		{08110289-B5E2-4299-90F3-A1C9A0E98C9A}.Debug|Any CPU.ActiveCfg = Debug|Any CPU
		{08110289-B5E2-4299-90F3-A1C9A0E98C9A}.Debug|Any CPU.Build.0 = Debug|Any CPU
		{08110289-B5E2-4299-90F3-A1C9A0E98C9A}.Release|Any CPU.ActiveCfg = Release|Any CPU
		{08110289-B5E2-4299-90F3-A1C9A0E98C9A}.Release|Any CPU.Build.0 = Release|Any CPU
		{0C9AE728-E569-4E7E-BC8F-E1CEFF514B22}.Debug|Any CPU.ActiveCfg = Debug|Any CPU
		{0C9AE728-E569-4E7E-BC8F-E1CEFF514B22}.Debug|Any CPU.Build.0 = Debug|Any CPU
		{0C9AE728-E569-4E7E-BC8F-E1CEFF514B22}.Release|Any CPU.ActiveCfg = Release|Any CPU
		{0C9AE728-E569-4E7E-BC8F-E1CEFF514B22}.Release|Any CPU.Build.0 = Release|Any CPU
	EndGlobalSection
	GlobalSection(SolutionProperties) = preSolution
		HideSolutionNode = FALSE
	EndGlobalSection
	GlobalSection(ExtensibilityGlobals) = postSolution
		SolutionGuid = {ADEEE9F9-75B4-4F8D-A51E-DAB54E7730E0}
	EndGlobalSection
EndGlobal
